
Microsoft Visual Studio Solution File, Format Version 12.00
# Visual Studio Version 16
VisualStudioVersion = 16.0.30320.27
MinimumVisualStudioVersion = 10.0.40219.1
Project("{FAE04EC0-301F-11D3-BF4B-00C04F79EFBC}") = "TestMaximum_Generic", "TestMaximum_Generic\TestMaximum_Generic.csproj", "{F656199C-3794-480C-A39E-68DE336B5642}"
EndProject
Project("{FAE04EC0-301F-11D3-BF4B-00C04F79EFBC}") = "UnitTestProject1", "UnitTestProject1\UnitTestProject1.csproj", "{14000229-2AA1-42E8-98D1-8EFB179BD340}"
EndProject
Global
	GlobalSection(SolutionConfigurationPlatforms) = preSolution
		Debug|Any CPU = Debug|Any CPU
		Release|Any CPU = Release|Any CPU
	EndGlobalSection
	GlobalSection(ProjectConfigurationPlatforms) = postSolution
		{F656199C-3794-480C-A39E-68DE336B5642}.Debug|Any CPU.ActiveCfg = Debug|Any CPU
		{F656199C-3794-480C-A39E-68DE336B5642}.Debug|Any CPU.Build.0 = Debug|Any CPU
		{F656199C-3794-480C-A39E-68DE336B5642}.Release|Any CPU.ActiveCfg = Release|Any CPU
		{F656199C-3794-480C-A39E-68DE336B5642}.Release|Any CPU.Build.0 = Release|Any CPU
		{14000229-2AA1-42E8-98D1-8EFB179BD340}.Debug|Any CPU.ActiveCfg = Debug|Any CPU
		{14000229-2AA1-42E8-98D1-8EFB179BD340}.Debug|Any CPU.Build.0 = Debug|Any CPU
		{14000229-2AA1-42E8-98D1-8EFB179BD340}.Release|Any CPU.ActiveCfg = Release|Any CPU
		{14000229-2AA1-42E8-98D1-8EFB179BD340}.Release|Any CPU.Build.0 = Release|Any CPU
	EndGlobalSection
	GlobalSection(SolutionProperties) = preSolution
		HideSolutionNode = FALSE
	EndGlobalSection
	GlobalSection(ExtensibilityGlobals) = postSolution
		SolutionGuid = {600E4F40-11DA-4CD7-AC33-0139DA81DBA4}
	EndGlobalSection
EndGlobal
